
Microsoft Visual Studio Solution File, Format Version 12.00
# Visual Studio 15
VisualStudioVersion = 15.0.25807.0
MinimumVisualStudioVersion = 10.0.40219.1
Project("{2150E333-8FDC-42A3-9474-1A3956D46DE8}") = "Engine", "Engine", "{54C8E037-F7E0-467E-ABE4-4F03E20C6787}"
EndProject
Project("{2150E333-8FDC-42A3-9474-1A3956D46DE8}") = "Games", "Games", "{92333A57-6C53-4157-A362-6B9AD66C1BBE}"
EndProject
Project("{8BC9CEB8-8B4A-11D0-8D11-00A0C91BC942}") = "EscapeBuilding", "Intermediate\ProjectFiles\EscapeBuilding.vcxproj", "{72DDB923-F101-4469-AE2E-E9DF8F034DCC}"
EndProject
Project("{8BC9CEB8-8B4A-11D0-8D11-00A0C91BC942}") = "UE4", "Intermediate\ProjectFiles\UE4.vcxproj", "{8B663BF9-B712-4419-94D8-168434F611F7}"
EndProject
Project("{2150E333-8FDC-42A3-9474-1A3956D46DE8}") = "Visualizers", "Visualizers", "{C789798C-D2BC-4503-92BC-9B5CE8B0AB22}"
	ProjectSection(SolutionItems) = preProject
		..\..\UE_4.21\Engine\Extras\VisualStudioDebugging\UE4.natvis = ..\..\UE_4.21\Engine\Extras\VisualStudioDebugging\UE4.natvis
	EndProjectSection
EndProject
Global
	GlobalSection(SolutionConfigurationPlatforms) = preSolution
		DebugGame Editor|HTML5 = DebugGame Editor|HTML5
		DebugGame Editor|Win32 = DebugGame Editor|Win32
		DebugGame Editor|Win64 = DebugGame Editor|Win64
		DebugGame|HTML5 = DebugGame|HTML5
		DebugGame|Win32 = DebugGame|Win32
		DebugGame|Win64 = DebugGame|Win64
		Development Editor|HTML5 = Development Editor|HTML5
		Development Editor|Win32 = Development Editor|Win32
		Development Editor|Win64 = Development Editor|Win64
		Development|HTML5 = Development|HTML5
		Development|Win32 = Development|Win32
		Development|Win64 = Development|Win64
		Shipping|HTML5 = Shipping|HTML5
		Shipping|Win32 = Shipping|Win32
		Shipping|Win64 = Shipping|Win64
	EndGlobalSection
	GlobalSection(ProjectConfigurationPlatforms) = postSolution
		{72DDB923-F101-4469-AE2E-E9DF8F034DCC}.DebugGame Editor|HTML5.ActiveCfg = Invalid|x64
		{72DDB923-F101-4469-AE2E-E9DF8F034DCC}.DebugGame Editor|HTML5.Build.0 = Invalid|x64
		{72DDB923-F101-4469-AE2E-E9DF8F034DCC}.DebugGame Editor|Win32.ActiveCfg = Invalid|Win32
		{72DDB923-F101-4469-AE2E-E9DF8F034DCC}.DebugGame Editor|Win64.ActiveCfg = DebugGame_Editor|x64
		{72DDB923-F101-4469-AE2E-E9DF8F034DCC}.DebugGame Editor|Win64.Build.0 = DebugGame_Editor|x64
		{72DDB923-F101-4469-AE2E-E9DF8F034DCC}.DebugGame|HTML5.ActiveCfg = HTML5_DebugGame|Win32
		{72DDB923-F101-4469-AE2E-E9DF8F034DCC}.DebugGame|HTML5.Build.0 = HTML5_DebugGame|Win32
		{72DDB923-F101-4469-AE2E-E9DF8F034DCC}.DebugGame|Win32.ActiveCfg = DebugGame|Win32
		{72DDB923-F101-4469-AE2E-E9DF8F034DCC}.DebugGame|Win32.Build.0 = DebugGame|Win32
		{72DDB923-F101-4469-AE2E-E9DF8F034DCC}.DebugGame|Win64.ActiveCfg = DebugGame|x64
		{72DDB923-F101-4469-AE2E-E9DF8F034DCC}.DebugGame|Win64.Build.0 = DebugGame|x64
		{72DDB923-F101-4469-AE2E-E9DF8F034DCC}.Development Editor|HTML5.ActiveCfg = Invalid|Win32
		{72DDB923-F101-4469-AE2E-E9DF8F034DCC}.Development Editor|Win32.ActiveCfg = Invalid|Win32
		{72DDB923-F101-4469-AE2E-E9DF8F034DCC}.Development Editor|Win64.ActiveCfg = Development_Editor|x64
		{72DDB923-F101-4469-AE2E-E9DF8F034DCC}.Development Editor|Win64.Build.0 = Development_Editor|x64
		{72DDB923-F101-4469-AE2E-E9DF8F034DCC}.Development|HTML5.ActiveCfg = HTML5_Development|Win32
		{72DDB923-F101-4469-AE2E-E9DF8F034DCC}.Development|HTML5.Build.0 = HTML5_Development|Win32
		{72DDB923-F101-4469-AE2E-E9DF8F034DCC}.Development|Win32.ActiveCfg = Development|Win32
		{72DDB923-F101-4469-AE2E-E9DF8F034DCC}.Development|Win32.Build.0 = Development|Win32
		{72DDB923-F101-4469-AE2E-E9DF8F034DCC}.Development|Win64.ActiveCfg = Development|x64
		{72DDB923-F101-4469-AE2E-E9DF8F034DCC}.Development|Win64.Build.0 = Development|x64
		{72DDB923-F101-4469-AE2E-E9DF8F034DCC}.Shipping|HTML5.ActiveCfg = HTML5_Shipping|Win32
		{72DDB923-F101-4469-AE2E-E9DF8F034DCC}.Shipping|HTML5.Build.0 = HTML5_Shipping|Win32
		{72DDB923-F101-4469-AE2E-E9DF8F034DCC}.Shipping|Win32.ActiveCfg = Shipping|Win32
		{72DDB923-F101-4469-AE2E-E9DF8F034DCC}.Shipping|Win32.Build.0 = Shipping|Win32
		{72DDB923-F101-4469-AE2E-E9DF8F034DCC}.Shipping|Win64.ActiveCfg = Shipping|x64
		{72DDB923-F101-4469-AE2E-E9DF8F034DCC}.Shipping|Win64.Build.0 = Shipping|x64
		{8B663BF9-B712-4419-94D8-168434F611F7}.DebugGame Editor|HTML5.ActiveCfg = BuiltWithUnrealBuildTool|Win32
		{8B663BF9-B712-4419-94D8-168434F611F7}.DebugGame Editor|Win32.ActiveCfg = BuiltWithUnrealBuildTool|Win32
		{8B663BF9-B712-4419-94D8-168434F611F7}.DebugGame Editor|Win64.ActiveCfg = BuiltWithUnrealBuildTool|Win32
		{8B663BF9-B712-4419-94D8-168434F611F7}.DebugGame|HTML5.ActiveCfg = BuiltWithUnrealBuildTool|Win32
		{8B663BF9-B712-4419-94D8-168434F611F7}.DebugGame|Win32.ActiveCfg = BuiltWithUnrealBuildTool|Win32
		{8B663BF9-B712-4419-94D8-168434F611F7}.DebugGame|Win64.ActiveCfg = BuiltWithUnrealBuildTool|Win32
		{8B663BF9-B712-4419-94D8-168434F611F7}.Development Editor|HTML5.ActiveCfg = BuiltWithUnrealBuildTool|Win32
		{8B663BF9-B712-4419-94D8-168434F611F7}.Development Editor|Win32.ActiveCfg = BuiltWithUnrealBuildTool|Win32
		{8B663BF9-B712-4419-94D8-168434F611F7}.Development Editor|Win64.ActiveCfg = BuiltWithUnrealBuildTool|Win32
		{8B663BF9-B712-4419-94D8-168434F611F7}.Development|HTML5.ActiveCfg = BuiltWithUnrealBuildTool|Win32
		{8B663BF9-B712-4419-94D8-168434F611F7}.Development|Win32.ActiveCfg = BuiltWithUnrealBuildTool|Win32
		{8B663BF9-B712-4419-94D8-168434F611F7}.Development|Win64.ActiveCfg = BuiltWithUnrealBuildTool|Win32
		{8B663BF9-B712-4419-94D8-168434F611F7}.Shipping|HTML5.ActiveCfg = BuiltWithUnrealBuildTool|Win32
		{8B663BF9-B712-4419-94D8-168434F611F7}.Shipping|Win32.ActiveCfg = BuiltWithUnrealBuildTool|Win32
		{8B663BF9-B712-4419-94D8-168434F611F7}.Shipping|Win64.ActiveCfg = BuiltWithUnrealBuildTool|Win32
	EndGlobalSection
	GlobalSection(SolutionProperties) = preSolution
		HideSolutionNode = FALSE
	EndGlobalSection
	GlobalSection(NestedProjects) = preSolution
		{72DDB923-F101-4469-AE2E-E9DF8F034DCC} = {92333A57-6C53-4157-A362-6B9AD66C1BBE}
		{8B663BF9-B712-4419-94D8-168434F611F7} = {54C8E037-F7E0-467E-ABE4-4F03E20C6787}
	EndGlobalSection
	GlobalSection(ExtensibilityGlobals) = postSolution
		SolutionGuid = {FE8E816D-5A35-47DC-9BD5-B2491630E79F}
	EndGlobalSection
EndGlobal
